
Microsoft Visual Studio Solution File, Format Version 12.00
# Visual Studio Version 17
VisualStudioVersion = 17.14.36221.1 d17.14
MinimumVisualStudioVersion = 15.0.26124.0
Project("{FAE04EC0-301F-11D3-BF4B-00C04F79EFBC}") = "KurrentDB.Client", "src\KurrentDB.Client\KurrentDB.Client.csproj", "{762EECAA-122E-4B0C-BC50-5AA4F72CA4E0}"
EndProject
Project("{FAE04EC0-301F-11D3-BF4B-00C04F79EFBC}") = "Kurrent.Client.Tests", "test\Kurrent.Client.Tests\Kurrent.Client.Tests.csproj", "{AF718DAF-FB2A-4E12-BBB6-33B67825DCBF}"
EndProject
Project("{FAE04EC0-301F-11D3-BF4B-00C04F79EFBC}") = "Kurrent.Client.Testing", "test\Kurrent.Client.Testing\Kurrent.Client.Testing.csproj", "{400203E4-A80F-4B69-854E-EF730216DA71}"
EndProject
Project("{FAE04EC0-301F-11D3-BF4B-00C04F79EFBC}") = "Kurrent.Client.SourceGenerators", "src\Kurrent.Client.SourceGenerators\Kurrent.Client.SourceGenerators.csproj", "{4C4E9633-270B-4BF2-A480-6B6D9E2BF433}"
EndProject
Project("{FAE04EC0-301F-11D3-BF4B-00C04F79EFBC}") = "Variant", "src\Variant\Variant.csproj", "{E35FC9A2-5A97-494B-B84D-5CED23762883}"
EndProject
Project("{FAE04EC0-301F-11D3-BF4B-00C04F79EFBC}") = "Variant.SourceGenerators", "src\Variant.SourceGenerators\Variant.SourceGenerators.csproj", "{926107C3-EA1D-48AB-8C5A-B097A0D53DEB}"
EndProject
Project("{FAE04EC0-301F-11D3-BF4B-00C04F79EFBC}") = "Variant.Tests", "test\Variant.Tests\Variant.Tests.csproj", "{FE062A56-9FAA-4963-A560-DADF250C76F9}"
EndProject
Project("{FAE04EC0-301F-11D3-BF4B-00C04F79EFBC}") = "Kurrent.Client.Integration.Tests", "test\Kurrent.Client.Integration.Tests\Kurrent.Client.Integration.Tests.csproj", "{7EC03CE3-A2DD-46E4-983C-FDA4BFFDCABB}"
EndProject
Project("{2150E333-8FDC-42A3-9474-1A3956D46DE8}") = "Tests", "Tests", "{1BD9B8F6-3497-4A76-BC26-D01F0E6D4848}"
EndProject
Project("{2150E333-8FDC-42A3-9474-1A3956D46DE8}") = "Variant", "Variant", "{88BBD171-224B-48DD-85C4-DA4B64F79B88}"
EndProject
Project("{2150E333-8FDC-42A3-9474-1A3956D46DE8}") = "Samples", "Samples", "{51BE0782-1C05-43C5-B6E3-6C133F57871C}"
EndProject
Global
	GlobalSection(SolutionConfigurationPlatforms) = preSolution
		Debug|x64 = Debug|x64
		Release|x64 = Release|x64
	EndGlobalSection
	GlobalSection(ProjectConfigurationPlatforms) = postSolution
		{762EECAA-122E-4B0C-BC50-5AA4F72CA4E0}.Debug|x64.ActiveCfg = Debug|Any CPU
		{762EECAA-122E-4B0C-BC50-5AA4F72CA4E0}.Debug|x64.Build.0 = Debug|Any CPU
		{762EECAA-122E-4B0C-BC50-5AA4F72CA4E0}.Release|x64.ActiveCfg = Release|Any CPU
		{762EECAA-122E-4B0C-BC50-5AA4F72CA4E0}.Release|x64.Build.0 = Release|Any CPU
		{AF718DAF-FB2A-4E12-BBB6-33B67825DCBF}.Debug|x64.ActiveCfg = Debug|Any CPU
		{AF718DAF-FB2A-4E12-BBB6-33B67825DCBF}.Debug|x64.Build.0 = Debug|Any CPU
		{AF718DAF-FB2A-4E12-BBB6-33B67825DCBF}.Release|x64.ActiveCfg = Release|Any CPU
		{AF718DAF-FB2A-4E12-BBB6-33B67825DCBF}.Release|x64.Build.0 = Release|Any CPU
		{400203E4-A80F-4B69-854E-EF730216DA71}.Debug|x64.ActiveCfg = Debug|Any CPU
		{400203E4-A80F-4B69-854E-EF730216DA71}.Debug|x64.Build.0 = Debug|Any CPU
		{400203E4-A80F-4B69-854E-EF730216DA71}.Release|x64.ActiveCfg = Release|Any CPU
		{400203E4-A80F-4B69-854E-EF730216DA71}.Release|x64.Build.0 = Release|Any CPU
		{4C4E9633-270B-4BF2-A480-6B6D9E2BF433}.Debug|x64.ActiveCfg = Debug|Any CPU
		{4C4E9633-270B-4BF2-A480-6B6D9E2BF433}.Debug|x64.Build.0 = Debug|Any CPU
		{4C4E9633-270B-4BF2-A480-6B6D9E2BF433}.Release|x64.ActiveCfg = Release|Any CPU
		{4C4E9633-270B-4BF2-A480-6B6D9E2BF433}.Release|x64.Build.0 = Release|Any CPU
		{E35FC9A2-5A97-494B-B84D-5CED23762883}.Debug|x64.ActiveCfg = Debug|Any CPU
		{E35FC9A2-5A97-494B-B84D-5CED23762883}.Debug|x64.Build.0 = Debug|Any CPU
		{E35FC9A2-5A97-494B-B84D-5CED23762883}.Release|x64.ActiveCfg = Release|Any CPU
		{E35FC9A2-5A97-494B-B84D-5CED23762883}.Release|x64.Build.0 = Release|Any CPU
		{926107C3-EA1D-48AB-8C5A-B097A0D53DEB}.Debug|x64.ActiveCfg = Debug|Any CPU
		{926107C3-EA1D-48AB-8C5A-B097A0D53DEB}.Debug|x64.Build.0 = Debug|Any CPU
		{926107C3-EA1D-48AB-8C5A-B097A0D53DEB}.Release|x64.ActiveCfg = Release|Any CPU
		{926107C3-EA1D-48AB-8C5A-B097A0D53DEB}.Release|x64.Build.0 = Release|Any CPU
		{FE062A56-9FAA-4963-A560-DADF250C76F9}.Debug|x64.ActiveCfg = Debug|Any CPU
		{FE062A56-9FAA-4963-A560-DADF250C76F9}.Debug|x64.Build.0 = Debug|Any CPU
		{FE062A56-9FAA-4963-A560-DADF250C76F9}.Release|x64.ActiveCfg = Release|Any CPU
		{FE062A56-9FAA-4963-A560-DADF250C76F9}.Release|x64.Build.0 = Release|Any CPU
		{7EC03CE3-A2DD-46E4-983C-FDA4BFFDCABB}.Debug|x64.ActiveCfg = Debug|Any CPU
		{7EC03CE3-A2DD-46E4-983C-FDA4BFFDCABB}.Debug|x64.Build.0 = Debug|Any CPU
		{7EC03CE3-A2DD-46E4-983C-FDA4BFFDCABB}.Release|x64.ActiveCfg = Release|Any CPU
		{7EC03CE3-A2DD-46E4-983C-FDA4BFFDCABB}.Release|x64.Build.0 = Release|Any CPU
	EndGlobalSection
	GlobalSection(SolutionProperties) = preSolution
		HideSolutionNode = FALSE
	EndGlobalSection
	GlobalSection(NestedProjects) = preSolution
		{AF718DAF-FB2A-4E12-BBB6-33B67825DCBF} = {1BD9B8F6-3497-4A76-BC26-D01F0E6D4848}
		{400203E4-A80F-4B69-854E-EF730216DA71} = {1BD9B8F6-3497-4A76-BC26-D01F0E6D4848}
		{E35FC9A2-5A97-494B-B84D-5CED23762883} = {88BBD171-224B-48DD-85C4-DA4B64F79B88}
		{926107C3-EA1D-48AB-8C5A-B097A0D53DEB} = {88BBD171-224B-48DD-85C4-DA4B64F79B88}
		{FE062A56-9FAA-4963-A560-DADF250C76F9} = {88BBD171-224B-48DD-85C4-DA4B64F79B88}
		{7EC03CE3-A2DD-46E4-983C-FDA4BFFDCABB} = {1BD9B8F6-3497-4A76-BC26-D01F0E6D4848}
	EndGlobalSection
	GlobalSection(ExtensibilityGlobals) = postSolution
		SolutionGuid = {069CE2DE-0179-45B6-A1B0-043B14D976E4}
	EndGlobalSection
EndGlobal
